
Microsoft Visual Studio Solution File, Format Version 12.00
# Visual Studio Version 16
VisualStudioVersion = 16.0.29424.173
MinimumVisualStudioVersion = 10.0.40219.1
Project("{8BC9CEB8-8B4A-11D0-8D11-00A0C91BC942}") = "OJday4", "OJday4.vcxproj", "{200141AD-5673-4813-B53F-B8BE7D080438}"
EndProject
Global
	GlobalSection(SolutionConfigurationPlatforms) = preSolution
		Debug|x64 = Debug|x64
		Debug|x86 = Debug|x86
		Release|x64 = Release|x64
		Release|x86 = Release|x86
	EndGlobalSection
	GlobalSection(ProjectConfigurationPlatforms) = postSolution
		{200141AD-5673-4813-B53F-B8BE7D080438}.Debug|x64.ActiveCfg = Debug|x64
		{200141AD-5673-4813-B53F-B8BE7D080438}.Debug|x64.Build.0 = Debug|x64
		{200141AD-5673-4813-B53F-B8BE7D080438}.Debug|x86.ActiveCfg = Debug|Win32
		{200141AD-5673-4813-B53F-B8BE7D080438}.Debug|x86.Build.0 = Debug|Win32
		{200141AD-5673-4813-B53F-B8BE7D080438}.Release|x64.ActiveCfg = Release|x64
		{200141AD-5673-4813-B53F-B8BE7D080438}.Release|x64.Build.0 = Release|x64
		{200141AD-5673-4813-B53F-B8BE7D080438}.Release|x86.ActiveCfg = Release|Win32
		{200141AD-5673-4813-B53F-B8BE7D080438}.Release|x86.Build.0 = Release|Win32
	EndGlobalSection
	GlobalSection(SolutionProperties) = preSolution
		HideSolutionNode = FALSE
	EndGlobalSection
	GlobalSection(ExtensibilityGlobals) = postSolution
		SolutionGuid = {E9563A68-F93A-43AE-90C6-8242753C0BFE}
	EndGlobalSection
EndGlobal
